
Microsoft Visual Studio Solution File, Format Version 12.00
# Visual Studio Version 17
VisualStudioVersion = 17.5.33502.453
MinimumVisualStudioVersion = 10.0.40219.1
Project("{8BC9CEB8-8B4A-11D0-8D11-00A0C91BC942}") = "structure", "structure\structure.vcxproj", "{BCB0A43B-6BF2-4A38-9486-776B4A71D927}"
EndProject
Project("{8BC9CEB8-8B4A-11D0-8D11-00A0C91BC942}") = "structure1", "structure1\structure1.vcxproj", "{E3DFDADF-4B58-46E5-BCB7-5469FD3744FF}"
EndProject
Project("{8BC9CEB8-8B4A-11D0-8D11-00A0C91BC942}") = "structure2", "structure2\structure2.vcxproj", "{974DFE31-5D7B-4798-A534-1D7DA3DF52B8}"
EndProject
Global
	GlobalSection(SolutionConfigurationPlatforms) = preSolution
		Debug|x64 = Debug|x64
		Debug|x86 = Debug|x86
		Release|x64 = Release|x64
		Release|x86 = Release|x86
	EndGlobalSection
	GlobalSection(ProjectConfigurationPlatforms) = postSolution
		{BCB0A43B-6BF2-4A38-9486-776B4A71D927}.Debug|x64.ActiveCfg = Debug|x64
		{BCB0A43B-6BF2-4A38-9486-776B4A71D927}.Debug|x64.Build.0 = Debug|x64
		{BCB0A43B-6BF2-4A38-9486-776B4A71D927}.Debug|x86.ActiveCfg = Debug|Win32
		{BCB0A43B-6BF2-4A38-9486-776B4A71D927}.Debug|x86.Build.0 = Debug|Win32
		{BCB0A43B-6BF2-4A38-9486-776B4A71D927}.Release|x64.ActiveCfg = Release|x64
		{BCB0A43B-6BF2-4A38-9486-776B4A71D927}.Release|x64.Build.0 = Release|x64
		{BCB0A43B-6BF2-4A38-9486-776B4A71D927}.Release|x86.ActiveCfg = Release|Win32
		{BCB0A43B-6BF2-4A38-9486-776B4A71D927}.Release|x86.Build.0 = Release|Win32
		{E3DFDADF-4B58-46E5-BCB7-5469FD3744FF}.Debug|x64.ActiveCfg = Debug|x64
		{E3DFDADF-4B58-46E5-BCB7-5469FD3744FF}.Debug|x64.Build.0 = Debug|x64
		{E3DFDADF-4B58-46E5-BCB7-5469FD3744FF}.Debug|x86.ActiveCfg = Debug|Win32
		{E3DFDADF-4B58-46E5-BCB7-5469FD3744FF}.Debug|x86.Build.0 = Debug|Win32
		{E3DFDADF-4B58-46E5-BCB7-5469FD3744FF}.Release|x64.ActiveCfg = Release|x64
		{E3DFDADF-4B58-46E5-BCB7-5469FD3744FF}.Release|x64.Build.0 = Release|x64
		{E3DFDADF-4B58-46E5-BCB7-5469FD3744FF}.Release|x86.ActiveCfg = Release|Win32
		{E3DFDADF-4B58-46E5-BCB7-5469FD3744FF}.Release|x86.Build.0 = Release|Win32
		{974DFE31-5D7B-4798-A534-1D7DA3DF52B8}.Debug|x64.ActiveCfg = Debug|x64
		{974DFE31-5D7B-4798-A534-1D7DA3DF52B8}.Debug|x64.Build.0 = Debug|x64
		{974DFE31-5D7B-4798-A534-1D7DA3DF52B8}.Debug|x86.ActiveCfg = Debug|Win32
		{974DFE31-5D7B-4798-A534-1D7DA3DF52B8}.Debug|x86.Build.0 = Debug|Win32
		{974DFE31-5D7B-4798-A534-1D7DA3DF52B8}.Release|x64.ActiveCfg = Release|x64
		{974DFE31-5D7B-4798-A534-1D7DA3DF52B8}.Release|x64.Build.0 = Release|x64
		{974DFE31-5D7B-4798-A534-1D7DA3DF52B8}.Release|x86.ActiveCfg = Release|Win32
		{974DFE31-5D7B-4798-A534-1D7DA3DF52B8}.Release|x86.Build.0 = Release|Win32
	EndGlobalSection
	GlobalSection(SolutionProperties) = preSolution
		HideSolutionNode = FALSE
	EndGlobalSection
	GlobalSection(ExtensibilityGlobals) = postSolution
		SolutionGuid = {29828AF4-C391-4B53-8F7D-BA1A6E528E44}
	EndGlobalSection
EndGlobal
